// !$*UTF8*$!
{
	archiveVersion = 1;
	classes = {
	};
	objectVersion = 46;
	objects = {

/* Begin PBXBuildFile section */
		270B31D8193F6A47001FEB46 /* Crashlytics.framework in Frameworks */ = {isa = PBXBuildFile; fileRef = 270B31D7193F6A47001FEB46 /* Crashlytics.framework */; };
		27280F12193AEE0200677A41 /* GStatus.m in Sources */ = {isa = PBXBuildFile; fileRef = 27280F0F193AEE0200677A41 /* GStatus.m */; };
		27280F13193AEE0200677A41 /* GStatusesSid.m in Sources */ = {isa = PBXBuildFile; fileRef = 27280F11193AEE0200677A41 /* GStatusesSid.m */; };
		27280F16193AEE4D00677A41 /* GViewController.m in Sources */ = {isa = PBXBuildFile; fileRef = 27280F15193AEE4D00677A41 /* GViewController.m */; };
		27280F1C193AEE5400677A41 /* GSView.m in Sources */ = {isa = PBXBuildFile; fileRef = 27280F18193AEE5400677A41 /* GSView.m */; };
		27280F1D193AEE5400677A41 /* GTableViewCell.m in Sources */ = {isa = PBXBuildFile; fileRef = 27280F1A193AEE5400677A41 /* GTableViewCell.m */; };
		27280F1E193AEE5400677A41 /* GTableViewCell.xib in Resources */ = {isa = PBXBuildFile; fileRef = 27280F1B193AEE5400677A41 /* GTableViewCell.xib */; };
		2768A382191D38DF005C4C24 /* MKAnnotationView+WebCache.m in Sources */ = {isa = PBXBuildFile; fileRef = 2768A366191D38DF005C4C24 /* MKAnnotationView+WebCache.m */; };
		2768A383191D38DF005C4C24 /* NSData+ImageContentType.m in Sources */ = {isa = PBXBuildFile; fileRef = 2768A368191D38DF005C4C24 /* NSData+ImageContentType.m */; };
		2768A384191D38DF005C4C24 /* SDImageCache.m in Sources */ = {isa = PBXBuildFile; fileRef = 2768A36A191D38DF005C4C24 /* SDImageCache.m */; };
		2768A385191D38DF005C4C24 /* SDWebImageCompat.m in Sources */ = {isa = PBXBuildFile; fileRef = 2768A36C191D38DF005C4C24 /* SDWebImageCompat.m */; };
		2768A386191D38DF005C4C24 /* SDWebImageDecoder.m in Sources */ = {isa = PBXBuildFile; fileRef = 2768A36E191D38DF005C4C24 /* SDWebImageDecoder.m */; };
		2768A387191D38DF005C4C24 /* SDWebImageDownloader.m in Sources */ = {isa = PBXBuildFile; fileRef = 2768A370191D38DF005C4C24 /* SDWebImageDownloader.m */; };
		2768A388191D38DF005C4C24 /* SDWebImageDownloaderOperation.m in Sources */ = {isa = PBXBuildFile; fileRef = 2768A372191D38DF005C4C24 /* SDWebImageDownloaderOperation.m */; };
		2768A389191D38DF005C4C24 /* SDWebImageManager.m in Sources */ = {isa = PBXBuildFile; fileRef = 2768A374191D38DF005C4C24 /* SDWebImageManager.m */; };
		2768A38A191D38DF005C4C24 /* SDWebImagePrefetcher.m in Sources */ = {isa = PBXBuildFile; fileRef = 2768A377191D38DF005C4C24 /* SDWebImagePrefetcher.m */; };
		2768A38B191D38DF005C4C24 /* UIButton+WebCache.m in Sources */ = {isa = PBXBuildFile; fileRef = 2768A379191D38DF005C4C24 /* UIButton+WebCache.m */; };
		2768A38C191D38DF005C4C24 /* UIImage+GIF.m in Sources */ = {isa = PBXBuildFile; fileRef = 2768A37B191D38DF005C4C24 /* UIImage+GIF.m */; };
		2768A38D191D38DF005C4C24 /* UIImage+MultiFormat.m in Sources */ = {isa = PBXBuildFile; fileRef = 2768A37D191D38DF005C4C24 /* UIImage+MultiFormat.m */; };
		2768A38E191D38DF005C4C24 /* UIImage+WebP.m in Sources */ = {isa = PBXBuildFile; fileRef = 2768A37F191D38DF005C4C24 /* UIImage+WebP.m */; };
		2768A38F191D38DF005C4C24 /* UIImageView+WebCache.m in Sources */ = {isa = PBXBuildFile; fileRef = 2768A381191D38DF005C4C24 /* UIImageView+WebCache.m */; };
		276CB12F193AC2BD00B4FE58 /* AFHTTPRequestOperation.m in Sources */ = {isa = PBXBuildFile; fileRef = 276CB11D193AC2BD00B4FE58 /* AFHTTPRequestOperation.m */; };
		276CB130193AC2BD00B4FE58 /* AFHTTPRequestOperationManager.m in Sources */ = {isa = PBXBuildFile; fileRef = 276CB11F193AC2BD00B4FE58 /* AFHTTPRequestOperationManager.m */; };
		276CB131193AC2BD00B4FE58 /* AFHTTPSessionManager.m in Sources */ = {isa = PBXBuildFile; fileRef = 276CB121193AC2BD00B4FE58 /* AFHTTPSessionManager.m */; };
		276CB132193AC2BD00B4FE58 /* AFNetworkReachabilityManager.m in Sources */ = {isa = PBXBuildFile; fileRef = 276CB124193AC2BD00B4FE58 /* AFNetworkReachabilityManager.m */; };
		276CB133193AC2BD00B4FE58 /* AFSecurityPolicy.m in Sources */ = {isa = PBXBuildFile; fileRef = 276CB126193AC2BD00B4FE58 /* AFSecurityPolicy.m */; };
		276CB134193AC2BD00B4FE58 /* AFURLConnectionOperation.m in Sources */ = {isa = PBXBuildFile; fileRef = 276CB128193AC2BD00B4FE58 /* AFURLConnectionOperation.m */; };
		276CB135193AC2BD00B4FE58 /* AFURLRequestSerialization.m in Sources */ = {isa = PBXBuildFile; fileRef = 276CB12A193AC2BD00B4FE58 /* AFURLRequestSerialization.m */; };
		276CB136193AC2BD00B4FE58 /* AFURLResponseSerialization.m in Sources */ = {isa = PBXBuildFile; fileRef = 276CB12C193AC2BD00B4FE58 /* AFURLResponseSerialization.m */; };
		276CB137193AC2BD00B4FE58 /* AFURLSessionManager.m in Sources */ = {isa = PBXBuildFile; fileRef = 276CB12E193AC2BD00B4FE58 /* AFURLSessionManager.m */; };
		276DB189191D0A62003E5BE4 /* GAppDelegate.m in Sources */ = {isa = PBXBuildFile; fileRef = 276DB188191D0A62003E5BE4 /* GAppDelegate.m */; };
		276DB18E191D0A92003E5BE4 /* InfoPlist.strings in Resources */ = {isa = PBXBuildFile; fileRef = 276DB18B191D0A92003E5BE4 /* InfoPlist.strings */; };
		276DB18F191D0A92003E5BE4 /* Images.xcassets in Resources */ = {isa = PBXBuildFile; fileRef = 276DB18D191D0A92003E5BE4 /* Images.xcassets */; };
		276DB19A191D0B5F003E5BE4 /* CN-Info.plist in Resources */ = {isa = PBXBuildFile; fileRef = 276DB197191D0B5F003E5BE4 /* CN-Info.plist */; };
		276DB19B191D0B5F003E5BE4 /* main.m in Sources */ = {isa = PBXBuildFile; fileRef = 276DB199191D0B5F003E5BE4 /* main.m */; };
		276DB1FF191D0CCE003E5BE4 /* libsqlite3.dylib in Frameworks */ = {isa = PBXBuildFile; fileRef = 276DB1FE191D0CCE003E5BE4 /* libsqlite3.dylib */; };
		276DB236191D0EA8003E5BE4 /* libxml2.2.dylib in Frameworks */ = {isa = PBXBuildFile; fileRef = 276DB1FC191D0CC4003E5BE4 /* libxml2.2.dylib */; };
		277906A4191D121C0081C136 /* GHTTPTool.m in Sources */ = {isa = PBXBuildFile; fileRef = 27790680191D121C0081C136 /* GHTTPTool.m */; };
		277906A9191D121C0081C136 /* NSString+Extension.m in Sources */ = {isa = PBXBuildFile; fileRef = 2779068C191D121C0081C136 /* NSString+Extension.m */; };
		277906AA191D121C0081C136 /* SHXMLParser.m in Sources */ = {isa = PBXBuildFile; fileRef = 2779068F191D121C0081C136 /* SHXMLParser.m */; };
		277906AB191D121C0081C136 /* TFHpple.m in Sources */ = {isa = PBXBuildFile; fileRef = 27790691191D121C0081C136 /* TFHpple.m */; };
		277906AC191D121C0081C136 /* TFHppleElement.m in Sources */ = {isa = PBXBuildFile; fileRef = 27790693191D121C0081C136 /* TFHppleElement.m */; };
		277906AD191D121C0081C136 /* WebServices.m in Sources */ = {isa = PBXBuildFile; fileRef = 27790695191D121C0081C136 /* WebServices.m */; };
		277906AE191D121C0081C136 /* XPathQuery.m in Sources */ = {isa = PBXBuildFile; fileRef = 27790697191D121C0081C136 /* XPathQuery.m */; };
		277906BB191D128E0081C136 /* FMDatabase.m in Sources */ = {isa = PBXBuildFile; fileRef = 277906B1191D128E0081C136 /* FMDatabase.m */; };
		277906BC191D128E0081C136 /* FMDatabaseAdditions.m in Sources */ = {isa = PBXBuildFile; fileRef = 277906B3191D128E0081C136 /* FMDatabaseAdditions.m */; };
		277906BD191D128E0081C136 /* FMDatabasePool.m in Sources */ = {isa = PBXBuildFile; fileRef = 277906B5191D128E0081C136 /* FMDatabasePool.m */; };
		277906BE191D128E0081C136 /* FMDatabaseQueue.m in Sources */ = {isa = PBXBuildFile; fileRef = 277906B7191D128E0081C136 /* FMDatabaseQueue.m */; };
		277906BF191D128E0081C136 /* FMResultSet.m in Sources */ = {isa = PBXBuildFile; fileRef = 277906BA191D128E0081C136 /* FMResultSet.m */; };
		277906D4191D12EF0081C136 /* MJArgument.m in Sources */ = {isa = PBXBuildFile; fileRef = 277906C2191D12EF0081C136 /* MJArgument.m */; };
		277906D5191D12EF0081C136 /* MJIvar.m in Sources */ = {isa = PBXBuildFile; fileRef = 277906C5191D12EF0081C136 /* MJIvar.m */; };
		277906D6191D12EF0081C136 /* MJMember.m in Sources */ = {isa = PBXBuildFile; fileRef = 277906C7191D12EF0081C136 /* MJMember.m */; };
		277906D7191D12EF0081C136 /* MJMethod.m in Sources */ = {isa = PBXBuildFile; fileRef = 277906C9191D12EF0081C136 /* MJMethod.m */; };
		277906D8191D12EF0081C136 /* MJType.m in Sources */ = {isa = PBXBuildFile; fileRef = 277906CB191D12EF0081C136 /* MJType.m */; };
		277906D9191D12EF0081C136 /* MJTypeEncoding.m in Sources */ = {isa = PBXBuildFile; fileRef = 277906CD191D12EF0081C136 /* MJTypeEncoding.m */; };
		277906DA191D12EF0081C136 /* NSObject+MJCoding.m in Sources */ = {isa = PBXBuildFile; fileRef = 277906CF191D12EF0081C136 /* NSObject+MJCoding.m */; };
		277906DB191D12EF0081C136 /* NSObject+MJKeyValue.m in Sources */ = {isa = PBXBuildFile; fileRef = 277906D1191D12EF0081C136 /* NSObject+MJKeyValue.m */; };
		277906DC191D12EF0081C136 /* NSObject+MJMember.m in Sources */ = {isa = PBXBuildFile; fileRef = 277906D3191D12EF0081C136 /* NSObject+MJMember.m */; };
		2779A263193EDA8F003FFF5B /* GStatusCacheTool.m in Sources */ = {isa = PBXBuildFile; fileRef = 2779A262193EDA8F003FFF5B /* GStatusCacheTool.m */; };
		2779A267193EE0B4003FFF5B /* GStastusDetailCacheTool.m in Sources */ = {isa = PBXBuildFile; fileRef = 2779A266193EE0B4003FFF5B /* GStastusDetailCacheTool.m */; };
		2793738D191DE2F400AC7108 /* MJRefresh.bundle in Resources */ = {isa = PBXBuildFile; fileRef = 27937383191DE2F400AC7108 /* MJRefresh.bundle */; };
		2793738E191DE2F400AC7108 /* MJRefreshBaseView.m in Sources */ = {isa = PBXBuildFile; fileRef = 27937386191DE2F400AC7108 /* MJRefreshBaseView.m */; };
		2793738F191DE2F400AC7108 /* MJRefreshConst.m in Sources */ = {isa = PBXBuildFile; fileRef = 27937388191DE2F400AC7108 /* MJRefreshConst.m */; };
		27937390191DE2F400AC7108 /* MJRefreshFooterView.m in Sources */ = {isa = PBXBuildFile; fileRef = 2793738A191DE2F400AC7108 /* MJRefreshFooterView.m */; };
		27937391191DE2F400AC7108 /* MJRefreshHeaderView.m in Sources */ = {isa = PBXBuildFile; fileRef = 2793738C191DE2F400AC7108 /* MJRefreshHeaderView.m */; };
		2795A3C1193A127C005B0E57 /* MBProgressHUD+MJ.m in Sources */ = {isa = PBXBuildFile; fileRef = 2795A3BD193A127C005B0E57 /* MBProgressHUD+MJ.m */; };
		2795A3C2193A127C005B0E57 /* MBProgressHUD.bundle in Resources */ = {isa = PBXBuildFile; fileRef = 2795A3BE193A127C005B0E57 /* MBProgressHUD.bundle */; };
		2795A3C3193A127C005B0E57 /* MBProgressHUD.m in Sources */ = {isa = PBXBuildFile; fileRef = 2795A3C0193A127C005B0E57 /* MBProgressHUD.m */; };
		279CA7C0191D08CE009C6DA0 /* Foundation.framework in Frameworks */ = {isa = PBXBuildFile; fileRef = 279CA7BF191D08CE009C6DA0 /* Foundation.framework */; };
		279CA7C2191D08CE009C6DA0 /* CoreGraphics.framework in Frameworks */ = {isa = PBXBuildFile; fileRef = 279CA7C1191D08CE009C6DA0 /* CoreGraphics.framework */; };
		279CA7C4191D08CE009C6DA0 /* UIKit.framework in Frameworks */ = {isa = PBXBuildFile; fileRef = 279CA7C3191D08CE009C6DA0 /* UIKit.framework */; };
		279CA7DF191D08CE009C6DA0 /* XCTest.framework in Frameworks */ = {isa = PBXBuildFile; fileRef = 279CA7DE191D08CE009C6DA0 /* XCTest.framework */; };
		279CA7E0191D08CE009C6DA0 /* Foundation.framework in Frameworks */ = {isa = PBXBuildFile; fileRef = 279CA7BF191D08CE009C6DA0 /* Foundation.framework */; };
		279CA7E1191D08CE009C6DA0 /* UIKit.framework in Frameworks */ = {isa = PBXBuildFile; fileRef = 279CA7C3191D08CE009C6DA0 /* UIKit.framework */; };
		279CA7E9191D08CE009C6DA0 /* InfoPlist.strings in Resources */ = {isa = PBXBuildFile; fileRef = 279CA7E7191D08CE009C6DA0 /* InfoPlist.strings */; };
		279CA7EB191D08CE009C6DA0 /* CNTests.m in Sources */ = {isa = PBXBuildFile; fileRef = 279CA7EA191D08CE009C6DA0 /* CNTests.m */; };
		27A5E767193B4115009A1373 /* GDetailViewController.m in Sources */ = {isa = PBXBuildFile; fileRef = 27A5E75A193B4115009A1373 /* GDetailViewController.m */; };
		27A5E769193B4115009A1373 /* GDetailModel.m in Sources */ = {isa = PBXBuildFile; fileRef = 27A5E75F193B4115009A1373 /* GDetailModel.m */; };
		27A5E76C193B4115009A1373 /* GDetailView.m in Sources */ = {isa = PBXBuildFile; fileRef = 27A5E766193B4115009A1373 /* GDetailView.m */; };
		27C1AE19191DB0AC00C5E9B1 /* placeHolderImage.jpg in Resources */ = {isa = PBXBuildFile; fileRef = 27C1AE18191DB0AC00C5E9B1 /* placeHolderImage.jpg */; };
		27C1AE1C191DB23500C5E9B1 /* UIImage+UIImage_G.m in Sources */ = {isa = PBXBuildFile; fileRef = 27C1AE1B191DB23500C5E9B1 /* UIImage+UIImage_G.m */; };
		27EF720A193B44DB00067F74 /* GParseImage.m in Sources */ = {isa = PBXBuildFile; fileRef = 27EF7209193B44DB00067F74 /* GParseImage.m */; };
/* End PBXBuildFile section */

/* Begin PBXContainerItemProxy section */
		279CA7E2191D08CE009C6DA0 /* PBXContainerItemProxy */ = {
			isa = PBXContainerItemProxy;
			containerPortal = 279CA7B4191D08CE009C6DA0 /* Project object */;
			proxyType = 1;
			remoteGlobalIDString = 279CA7BB191D08CE009C6DA0;
			remoteInfo = CN;
		};
/* End PBXContainerItemProxy section */

/* Begin PBXFileReference section */
		270B31D7193F6A47001FEB46 /* Crashlytics.framework */ = {isa = PBXFileReference; lastKnownFileType = wrapper.framework; path = Crashlytics.framework; sourceTree = "<group>"; };
		27280F0E193AEE0200677A41 /* GStatus.h */ = {isa = PBXFileReference; fileEncoding = 4; lastKnownFileType = sourcecode.c.h; path = GStatus.h; sourceTree = "<group>"; };
		27280F0F193AEE0200677A41 /* GStatus.m */ = {isa = PBXFileReference; fileEncoding = 4; lastKnownFileType = sourcecode.c.objc; path = GStatus.m; sourceTree = "<group>"; };
		27280F10193AEE0200677A41 /* GStatusesSid.h */ = {isa = PBXFileReference; fileEncoding = 4; lastKnownFileType = sourcecode.c.h; path = GStatusesSid.h; sourceTree = "<group>"; };
		27280F11193AEE0200677A41 /* GStatusesSid.m */ = {isa = PBXFileReference; fileEncoding = 4; lastKnownFileType = sourcecode.c.objc; path = GStatusesSid.m; sourceTree = "<group>"; };
		27280F14193AEE4D00677A41 /* GViewController.h */ = {isa = PBXFileReference; fileEncoding = 4; lastKnownFileType = sourcecode.c.h; path = GViewController.h; sourceTree = "<group>"; };
		27280F15193AEE4D00677A41 /* GViewController.m */ = {isa = PBXFileReference; fileEncoding = 4; lastKnownFileType = sourcecode.c.objc; path = GViewController.m; sourceTree = "<group>"; };
		27280F17193AEE5400677A41 /* GSView.h */ = {isa = PBXFileReference; fileEncoding = 4; lastKnownFileType = sourcecode.c.h; path = GSView.h; sourceTree = "<group>"; };
		27280F18193AEE5400677A41 /* GSView.m */ = {isa = PBXFileReference; fileEncoding = 4; lastKnownFileType = sourcecode.c.objc; path = GSView.m; sourceTree = "<group>"; };
		27280F19193AEE5400677A41 /* GTableViewCell.h */ = {isa = PBXFileReference; fileEncoding = 4; lastKnownFileType = sourcecode.c.h; path = GTableViewCell.h; sourceTree = "<group>"; };
		27280F1A193AEE5400677A41 /* GTableViewCell.m */ = {isa = PBXFileReference; fileEncoding = 4; lastKnownFileType = sourcecode.c.objc; path = GTableViewCell.m; sourceTree = "<group>"; };
		27280F1B193AEE5400677A41 /* GTableViewCell.xib */ = {isa = PBXFileReference; fileEncoding = 4; lastKnownFileType = file.xib; path = GTableViewCell.xib; sourceTree = "<group>"; };
		2768A365191D38DF005C4C24 /* MKAnnotationView+WebCache.h */ = {isa = PBXFileReference; fileEncoding = 4; lastKnownFileType = sourcecode.c.h; path = "MKAnnotationView+WebCache.h"; sourceTree = "<group>"; };
		2768A366191D38DF005C4C24 /* MKAnnotationView+WebCache.m */ = {isa = PBXFileReference; fileEncoding = 4; lastKnownFileType = sourcecode.c.objc; path = "MKAnnotationView+WebCache.m"; sourceTree = "<group>"; };
		2768A367191D38DF005C4C24 /* NSData+ImageContentType.h */ = {isa = PBXFileReference; fileEncoding = 4; lastKnownFileType = sourcecode.c.h; path = "NSData+ImageContentType.h"; sourceTree = "<group>"; };
		2768A368191D38DF005C4C24 /* NSData+ImageContentType.m */ = {isa = PBXFileReference; fileEncoding = 4; lastKnownFileType = sourcecode.c.objc; path = "NSData+ImageContentType.m"; sourceTree = "<group>"; };
		2768A369191D38DF005C4C24 /* SDImageCache.h */ = {isa = PBXFileReference; fileEncoding = 4; lastKnownFileType = sourcecode.c.h; path = SDImageCache.h; sourceTree = "<group>"; };
		2768A36A191D38DF005C4C24 /* SDImageCache.m */ = {isa = PBXFileReference; fileEncoding = 4; lastKnownFileType = sourcecode.c.objc; path = SDImageCache.m; sourceTree = "<group>"; };
		2768A36B191D38DF005C4C24 /* SDWebImageCompat.h */ = {isa = PBXFileReference; fileEncoding = 4; lastKnownFileType = sourcecode.c.h; path = SDWebImageCompat.h; sourceTree = "<group>"; };
		2768A36C191D38DF005C4C24 /* SDWebImageCompat.m */ = {isa = PBXFileReference; fileEncoding = 4; lastKnownFileType = sourcecode.c.objc; path = SDWebImageCompat.m; sourceTree = "<group>"; };
		2768A36D191D38DF005C4C24 /* SDWebImageDecoder.h */ = {isa = PBXFileReference; fileEncoding = 4; lastKnownFileType = sourcecode.c.h; path = SDWebImageDecoder.h; sourceTree = "<group>"; };
		2768A36E191D38DF005C4C24 /* SDWebImageDecoder.m */ = {isa = PBXFileReference; fileEncoding = 4; lastKnownFileType = sourcecode.c.objc; path = SDWebImageDecoder.m; sourceTree = "<group>"; };
		2768A36F191D38DF005C4C24 /* SDWebImageDownloader.h */ = {isa = PBXFileReference; fileEncoding = 4; lastKnownFileType = sourcecode.c.h; path = SDWebImageDownloader.h; sourceTree = "<group>"; };
		2768A370191D38DF005C4C24 /* SDWebImageDownloader.m */ = {isa = PBXFileReference; fileEncoding = 4; lastKnownFileType = sourcecode.c.objc; path = SDWebImageDownloader.m; sourceTree = "<group>"; };
		2768A371191D38DF005C4C24 /* SDWebImageDownloaderOperation.h */ = {isa = PBXFileReference; fileEncoding = 4; lastKnownFileType = sourcecode.c.h; path = SDWebImageDownloaderOperation.h; sourceTree = "<group>"; };
		2768A372191D38DF005C4C24 /* SDWebImageDownloaderOperation.m */ = {isa = PBXFileReference; fileEncoding = 4; lastKnownFileType = sourcecode.c.objc; path = SDWebImageDownloaderOperation.m; sourceTree = "<group>"; };
		2768A373191D38DF005C4C24 /* SDWebImageManager.h */ = {isa = PBXFileReference; fileEncoding = 4; lastKnownFileType = sourcecode.c.h; path = SDWebImageManager.h; sourceTree = "<group>"; };
		2768A374191D38DF005C4C24 /* SDWebImageManager.m */ = {isa = PBXFileReference; fileEncoding = 4; lastKnownFileType = sourcecode.c.objc; path = SDWebImageManager.m; sourceTree = "<group>"; };
		2768A375191D38DF005C4C24 /* SDWebImageOperation.h */ = {isa = PBXFileReference; fileEncoding = 4; lastKnownFileType = sourcecode.c.h; path = SDWebImageOperation.h; sourceTree = "<group>"; };
		2768A376191D38DF005C4C24 /* SDWebImagePrefetcher.h */ = {isa = PBXFileReference; fileEncoding = 4; lastKnownFileType = sourcecode.c.h; path = SDWebImagePrefetcher.h; sourceTree = "<group>"; };
		2768A377191D38DF005C4C24 /* SDWebImagePrefetcher.m */ = {isa = PBXFileReference; fileEncoding = 4; lastKnownFileType = sourcecode.c.objc; path = SDWebImagePrefetcher.m; sourceTree = "<group>"; };
		2768A378191D38DF005C4C24 /* UIButton+WebCache.h */ = {isa = PBXFileReference; fileEncoding = 4; lastKnownFileType = sourcecode.c.h; path = "UIButton+WebCache.h"; sourceTree = "<group>"; };
		2768A379191D38DF005C4C24 /* UIButton+WebCache.m */ = {isa = PBXFileReference; fileEncoding = 4; lastKnownFileType = sourcecode.c.objc; path = "UIButton+WebCache.m"; sourceTree = "<group>"; };
		2768A37A191D38DF005C4C24 /* UIImage+GIF.h */ = {isa = PBXFileReference; fileEncoding = 4; lastKnownFileType = sourcecode.c.h; path = "UIImage+GIF.h"; sourceTree = "<group>"; };
		2768A37B191D38DF005C4C24 /* UIImage+GIF.m */ = {isa = PBXFileReference; fileEncoding = 4; lastKnownFileType = sourcecode.c.objc; path = "UIImage+GIF.m"; sourceTree = "<group>"; };
		2768A37C191D38DF005C4C24 /* UIImage+MultiFormat.h */ = {isa = PBXFileReference; fileEncoding = 4; lastKnownFileType = sourcecode.c.h; path = "UIImage+MultiFormat.h"; sourceTree = "<group>"; };
		2768A37D191D38DF005C4C24 /* UIImage+MultiFormat.m */ = {isa = PBXFileReference; fileEncoding = 4; lastKnownFileType = sourcecode.c.objc; path = "UIImage+MultiFormat.m"; sourceTree = "<group>"; };
		2768A37E191D38DF005C4C24 /* UIImage+WebP.h */ = {isa = PBXFileReference; fileEncoding = 4; lastKnownFileType = sourcecode.c.h; path = "UIImage+WebP.h"; sourceTree = "<group>"; };
		2768A37F191D38DF005C4C24 /* UIImage+WebP.m */ = {isa = PBXFileReference; fileEncoding = 4; lastKnownFileType = sourcecode.c.objc; path = "UIImage+WebP.m"; sourceTree = "<group>"; };
		2768A380191D38DF005C4C24 /* UIImageView+WebCache.h */ = {isa = PBXFileReference; fileEncoding = 4; lastKnownFileType = sourcecode.c.h; path = "UIImageView+WebCache.h"; sourceTree = "<group>"; };
		2768A381191D38DF005C4C24 /* UIImageView+WebCache.m */ = {isa = PBXFileReference; fileEncoding = 4; lastKnownFileType = sourcecode.c.objc; path = "UIImageView+WebCache.m"; sourceTree = "<group>"; };
		276CB11C193AC2BD00B4FE58 /* AFHTTPRequestOperation.h */ = {isa = PBXFileReference; fileEncoding = 4; lastKnownFileType = sourcecode.c.h; path = AFHTTPRequestOperation.h; sourceTree = "<group>"; };
		276CB11D193AC2BD00B4FE58 /* AFHTTPRequestOperation.m */ = {isa = PBXFileReference; fileEncoding = 4; lastKnownFileType = sourcecode.c.objc; path = AFHTTPRequestOperation.m; sourceTree = "<group>"; };
		276CB11E193AC2BD00B4FE58 /* AFHTTPRequestOperationManager.h */ = {isa = PBXFileReference; fileEncoding = 4; lastKnownFileType = sourcecode.c.h; path = AFHTTPRequestOperationManager.h; sourceTree = "<group>"; };
		276CB11F193AC2BD00B4FE58 /* AFHTTPRequestOperationManager.m */ = {isa = PBXFileReference; fileEncoding = 4; lastKnownFileType = sourcecode.c.objc; path = AFHTTPRequestOperationManager.m; sourceTree = "<group>"; };
		276CB120193AC2BD00B4FE58 /* AFHTTPSessionManager.h */ = {isa = PBXFileReference; fileEncoding = 4; lastKnownFileType = sourcecode.c.h; path = AFHTTPSessionManager.h; sourceTree = "<group>"; };
		276CB121193AC2BD00B4FE58 /* AFHTTPSessionManager.m */ = {isa = PBXFileReference; fileEncoding = 4; lastKnownFileType = sourcecode.c.objc; path = AFHTTPSessionManager.m; sourceTree = "<group>"; };
		276CB122193AC2BD00B4FE58 /* AFNetworking.h */ = {isa = PBXFileReference; fileEncoding = 4; lastKnownFileType = sourcecode.c.h; path = AFNetworking.h; sourceTree = "<group>"; };
		276CB123193AC2BD00B4FE58 /* AFNetworkReachabilityManager.h */ = {isa = PBXFileReference; fileEncoding = 4; lastKnownFileType = sourcecode.c.h; path = AFNetworkReachabilityManager.h; sourceTree = "<group>"; };
		276CB124193AC2BD00B4FE58 /* AFNetworkReachabilityManager.m */ = {isa = PBXFileReference; fileEncoding = 4; lastKnownFileType = sourcecode.c.objc; path = AFNetworkReachabilityManager.m; sourceTree = "<group>"; };
		276CB125193AC2BD00B4FE58 /* AFSecurityPolicy.h */ = {isa = PBXFileReference; fileEncoding = 4; lastKnownFileType = sourcecode.c.h; path = AFSecurityPolicy.h; sourceTree = "<group>"; };
		276CB126193AC2BD00B4FE58 /* AFSecurityPolicy.m */ = {isa = PBXFileReference; fileEncoding = 4; lastKnownFileType = sourcecode.c.objc; path = AFSecurityPolicy.m; sourceTree = "<group>"; };
		276CB127193AC2BD00B4FE58 /* AFURLConnectionOperation.h */ = {isa = PBXFileReference; fileEncoding = 4; lastKnownFileType = sourcecode.c.h; path = AFURLConnectionOperation.h; sourceTree = "<group>"; };
		276CB128193AC2BD00B4FE58 /* AFURLConnectionOperation.m */ = {isa = PBXFileReference; fileEncoding = 4; lastKnownFileType = sourcecode.c.objc; path = AFURLConnectionOperation.m; sourceTree = "<group>"; };
		276CB129193AC2BD00B4FE58 /* AFURLRequestSerialization.h */ = {isa = PBXFileReference; fileEncoding = 4; lastKnownFileType = sourcecode.c.h; path = AFURLRequestSerialization.h; sourceTree = "<group>"; };
		276CB12A193AC2BD00B4FE58 /* AFURLRequestSerialization.m */ = {isa = PBXFileReference; fileEncoding = 4; lastKnownFileType = sourcecode.c.objc; path = AFURLRequestSerialization.m; sourceTree = "<group>"; };
		276CB12B193AC2BD00B4FE58 /* AFURLResponseSerialization.h */ = {isa = PBXFileReference; fileEncoding = 4; lastKnownFileType = sourcecode.c.h; path = AFURLResponseSerialization.h; sourceTree = "<group>"; };
		276CB12C193AC2BD00B4FE58 /* AFURLResponseSerialization.m */ = {isa = PBXFileReference; fileEncoding = 4; lastKnownFileType = sourcecode.c.objc; path = AFURLResponseSerialization.m; sourceTree = "<group>"; };
		276CB12D193AC2BD00B4FE58 /* AFURLSessionManager.h */ = {isa = PBXFileReference; fileEncoding = 4; lastKnownFileType = sourcecode.c.h; path = AFURLSessionManager.h; sourceTree = "<group>"; };
		276CB12E193AC2BD00B4FE58 /* AFURLSessionManager.m */ = {isa = PBXFileReference; fileEncoding = 4; lastKnownFileType = sourcecode.c.objc; path = AFURLSessionManager.m; sourceTree = "<group>"; };
		276DB187191D0A62003E5BE4 /* GAppDelegate.h */ = {isa = PBXFileReference; fileEncoding = 4; lastKnownFileType = sourcecode.c.h; path = GAppDelegate.h; sourceTree = "<group>"; };
		276DB188191D0A62003E5BE4 /* GAppDelegate.m */ = {isa = PBXFileReference; fileEncoding = 4; lastKnownFileType = sourcecode.c.objc; path = GAppDelegate.m; sourceTree = "<group>"; };
		276DB18C191D0A92003E5BE4 /* en */ = {isa = PBXFileReference; lastKnownFileType = text.plist.strings; name = en; path = InfoPlist.strings; sourceTree = "<group>"; };
		276DB18D191D0A92003E5BE4 /* Images.xcassets */ = {isa = PBXFileReference; lastKnownFileType = folder.assetcatalog; path = Images.xcassets; sourceTree = "<group>"; };
		276DB197191D0B5F003E5BE4 /* CN-Info.plist */ = {isa = PBXFileReference; fileEncoding = 4; lastKnownFileType = text.plist.xml; path = "CN-Info.plist"; sourceTree = "<group>"; };
		276DB198191D0B5F003E5BE4 /* CN-Prefix.pch */ = {isa = PBXFileReference; fileEncoding = 4; lastKnownFileType = sourcecode.c.h; path = "CN-Prefix.pch"; sourceTree = "<group>"; };
		276DB199191D0B5F003E5BE4 /* main.m */ = {isa = PBXFileReference; fileEncoding = 4; lastKnownFileType = sourcecode.c.objc; path = main.m; sourceTree = "<group>"; };
		276DB1FC191D0CC4003E5BE4 /* libxml2.2.dylib */ = {isa = PBXFileReference; lastKnownFileType = "compiled.mach-o.dylib"; name = libxml2.2.dylib; path = usr/lib/libxml2.2.dylib; sourceTree = SDKROOT; };
		276DB1FE191D0CCE003E5BE4 /* libsqlite3.dylib */ = {isa = PBXFileReference; lastKnownFileType = "compiled.mach-o.dylib"; name = libsqlite3.dylib; path = usr/lib/libsqlite3.dylib; sourceTree = SDKROOT; };
		276DB200191D0CDE003E5BE4 /* libxml2.dylib */ = {isa = PBXFileReference; lastKnownFileType = "compiled.mach-o.dylib"; name = libxml2.dylib; path = usr/lib/libxml2.dylib; sourceTree = SDKROOT; };
		2779067F191D121C0081C136 /* GHTTPTool.h */ = {isa = PBXFileReference; fileEncoding = 4; lastKnownFileType = sourcecode.c.h; path = GHTTPTool.h; sourceTree = "<group>"; };
		27790680191D121C0081C136 /* GHTTPTool.m */ = {isa = PBXFileReference; fileEncoding = 4; lastKnownFileType = sourcecode.c.objc; path = GHTTPTool.m; sourceTree = "<group>"; };
		2779068B191D121C0081C136 /* NSString+Extension.h */ = {isa = PBXFileReference; fileEncoding = 4; lastKnownFileType = sourcecode.c.h; path = "NSString+Extension.h"; sourceTree = "<group>"; };
		2779068C191D121C0081C136 /* NSString+Extension.m */ = {isa = PBXFileReference; fileEncoding = 4; lastKnownFileType = sourcecode.c.objc; path = "NSString+Extension.m"; sourceTree = "<group>"; };
		2779068E191D121C0081C136 /* SHXMLParser.h */ = {isa = PBXFileReference; fileEncoding = 4; lastKnownFileType = sourcecode.c.h; path = SHXMLParser.h; sourceTree = "<group>"; };
		2779068F191D121C0081C136 /* SHXMLParser.m */ = {isa = PBXFileReference; fileEncoding = 4; lastKnownFileType = sourcecode.c.objc; path = SHXMLParser.m; sourceTree = "<group>"; };
		27790690191D121C0081C136 /* TFHpple.h */ = {isa = PBXFileReference; fileEncoding = 4; lastKnownFileType = sourcecode.c.h; path = TFHpple.h; sourceTree = "<group>"; };
		27790691191D121C0081C136 /* TFHpple.m */ = {isa = PBXFileReference; fileEncoding = 4; lastKnownFileType = sourcecode.c.objc; path = TFHpple.m; sourceTree = "<group>"; };
		27790692191D121C0081C136 /* TFHppleElement.h */ = {isa = PBXFileReference; fileEncoding = 4; lastKnownFileType = sourcecode.c.h; path = TFHppleElement.h; sourceTree = "<group>"; };
		27790693191D121C0081C136 /* TFHppleElement.m */ = {isa = PBXFileReference; fileEncoding = 4; lastKnownFileType = sourcecode.c.objc; path = TFHppleElement.m; sourceTree = "<group>"; };
		27790694191D121C0081C136 /* WebServices.h */ = {isa = PBXFileReference; fileEncoding = 4; lastKnownFileType = sourcecode.c.h; path = WebServices.h; sourceTree = "<group>"; };
		27790695191D121C0081C136 /* WebServices.m */ = {isa = PBXFileReference; fileEncoding = 4; lastKnownFileType = sourcecode.c.objc; path = WebServices.m; sourceTree = "<group>"; };
		27790696191D121C0081C136 /* XPathQuery.h */ = {isa = PBXFileReference; fileEncoding = 4; lastKnownFileType = sourcecode.c.h; path = XPathQuery.h; sourceTree = "<group>"; };
		27790697191D121C0081C136 /* XPathQuery.m */ = {isa = PBXFileReference; fileEncoding = 4; lastKnownFileType = sourcecode.c.objc; path = XPathQuery.m; sourceTree = "<group>"; };
		277906B0191D128E0081C136 /* FMDatabase.h */ = {isa = PBXFileReference; fileEncoding = 4; lastKnownFileType = sourcecode.c.h; path = FMDatabase.h; sourceTree = "<group>"; };
		277906B1191D128E0081C136 /* FMDatabase.m */ = {isa = PBXFileReference; fileEncoding = 4; lastKnownFileType = sourcecode.c.objc; path = FMDatabase.m; sourceTree = "<group>"; };
		277906B2191D128E0081C136 /* FMDatabaseAdditions.h */ = {isa = PBXFileReference; fileEncoding = 4; lastKnownFileType = sourcecode.c.h; path = FMDatabaseAdditions.h; sourceTree = "<group>"; };
		277906B3191D128E0081C136 /* FMDatabaseAdditions.m */ = {isa = PBXFileReference; fileEncoding = 4; lastKnownFileType = sourcecode.c.objc; path = FMDatabaseAdditions.m; sourceTree = "<group>"; };
		277906B4191D128E0081C136 /* FMDatabasePool.h */ = {isa = PBXFileReference; fileEncoding = 4; lastKnownFileType = sourcecode.c.h; path = FMDatabasePool.h; sourceTree = "<group>"; };
		277906B5191D128E0081C136 /* FMDatabasePool.m */ = {isa = PBXFileReference; fileEncoding = 4; lastKnownFileType = sourcecode.c.objc; path = FMDatabasePool.m; sourceTree = "<group>"; };
		277906B6191D128E0081C136 /* FMDatabaseQueue.h */ = {isa = PBXFileReference; fileEncoding = 4; lastKnownFileType = sourcecode.c.h; path = FMDatabaseQueue.h; sourceTree = "<group>"; };
		277906B7191D128E0081C136 /* FMDatabaseQueue.m */ = {isa = PBXFileReference; fileEncoding = 4; lastKnownFileType = sourcecode.c.objc; path = FMDatabaseQueue.m; sourceTree = "<group>"; };
		277906B8191D128E0081C136 /* FMDB.h */ = {isa = PBXFileReference; fileEncoding = 4; lastKnownFileType = sourcecode.c.h; path = FMDB.h; sourceTree = "<group>"; };
		277906B9191D128E0081C136 /* FMResultSet.h */ = {isa = PBXFileReference; fileEncoding = 4; lastKnownFileType = sourcecode.c.h; path = FMResultSet.h; sourceTree = "<group>"; };
		277906BA191D128E0081C136 /* FMResultSet.m */ = {isa = PBXFileReference; fileEncoding = 4; lastKnownFileType = sourcecode.c.objc; path = FMResultSet.m; sourceTree = "<group>"; };
		277906C1191D12EF0081C136 /* MJArgument.h */ = {isa = PBXFileReference; fileEncoding = 4; lastKnownFileType = sourcecode.c.h; path = MJArgument.h; sourceTree = "<group>"; };
		277906C2191D12EF0081C136 /* MJArgument.m */ = {isa = PBXFileReference; fileEncoding = 4; lastKnownFileType = sourcecode.c.objc; path = MJArgument.m; sourceTree = "<group>"; };
		277906C3191D12EF0081C136 /* MJExtension.h */ = {isa = PBXFileReference; fileEncoding = 4; lastKnownFileType = sourcecode.c.h; path = MJExtension.h; sourceTree = "<group>"; };
		277906C4191D12EF0081C136 /* MJIvar.h */ = {isa = PBXFileReference; fileEncoding = 4; lastKnownFileType = sourcecode.c.h; path = MJIvar.h; sourceTree = "<group>"; };
		277906C5191D12EF0081C136 /* MJIvar.m */ = {isa = PBXFileReference; fileEncoding = 4; lastKnownFileType = sourcecode.c.objc; path = MJIvar.m; sourceTree = "<group>"; };
		277906C6191D12EF0081C136 /* MJMember.h */ = {isa = PBXFileReference; fileEncoding = 4; lastKnownFileType = sourcecode.c.h; path = MJMember.h; sourceTree = "<group>"; };
		277906C7191D12EF0081C136 /* MJMember.m */ = {isa = PBXFileReference; fileEncoding = 4; lastKnownFileType = sourcecode.c.objc; path = MJMember.m; sourceTree = "<group>"; };
		277906C8191D12EF0081C136 /* MJMethod.h */ = {isa = PBXFileReference; fileEncoding = 4; lastKnownFileType = sourcecode.c.h; path = MJMethod.h; sourceTree = "<group>"; };
		277906C9191D12EF0081C136 /* MJMethod.m */ = {isa = PBXFileReference; fileEncoding = 4; lastKnownFileType = sourcecode.c.objc; path = MJMethod.m; sourceTree = "<group>"; };
		277906CA191D12EF0081C136 /* MJType.h */ = {isa = PBXFileReference; fileEncoding = 4; lastKnownFileType = sourcecode.c.h; path = MJType.h; sourceTree = "<group>"; };
		277906CB191D12EF0081C136 /* MJType.m */ = {isa = PBXFileReference; fileEncoding = 4; lastKnownFileType = sourcecode.c.objc; path = MJType.m; sourceTree = "<group>"; };
		277906CC191D12EF0081C136 /* MJTypeEncoding.h */ = {isa = PBXFileReference; fileEncoding = 4; lastKnownFileType = sourcecode.c.h; path = MJTypeEncoding.h; sourceTree = "<group>"; };
		277906CD191D12EF0081C136 /* MJTypeEncoding.m */ = {isa = PBXFileReference; fileEncoding = 4; lastKnownFileType = sourcecode.c.objc; path = MJTypeEncoding.m; sourceTree = "<group>"; };
		277906CE191D12EF0081C136 /* NSObject+MJCoding.h */ = {isa = PBXFileReference; fileEncoding = 4; lastKnownFileType = sourcecode.c.h; path = "NSObject+MJCoding.h"; sourceTree = "<group>"; };
		277906CF191D12EF0081C136 /* NSObject+MJCoding.m */ = {isa = PBXFileReference; fileEncoding = 4; lastKnownFileType = sourcecode.c.objc; path = "NSObject+MJCoding.m"; sourceTree = "<group>"; };
		277906D0191D12EF0081C136 /* NSObject+MJKeyValue.h */ = {isa = PBXFileReference; fileEncoding = 4; lastKnownFileType = sourcecode.c.h; path = "NSObject+MJKeyValue.h"; sourceTree = "<group>"; };
		277906D1191D12EF0081C136 /* NSObject+MJKeyValue.m */ = {isa = PBXFileReference; fileEncoding = 4; lastKnownFileType = sourcecode.c.objc; path = "NSObject+MJKeyValue.m"; sourceTree = "<group>"; };
		277906D2191D12EF0081C136 /* NSObject+MJMember.h */ = {isa = PBXFileReference; fileEncoding = 4; lastKnownFileType = sourcecode.c.h; path = "NSObject+MJMember.h"; sourceTree = "<group>"; };
		277906D3191D12EF0081C136 /* NSObject+MJMember.m */ = {isa = PBXFileReference; fileEncoding = 4; lastKnownFileType = sourcecode.c.objc; path = "NSObject+MJMember.m"; sourceTree = "<group>"; };
		2779A261193EDA8F003FFF5B /* GStatusCacheTool.h */ = {isa = PBXFileReference; fileEncoding = 4; lastKnownFileType = sourcecode.c.h; path = GStatusCacheTool.h; sourceTree = "<group>"; };
		2779A262193EDA8F003FFF5B /* GStatusCacheTool.m */ = {isa = PBXFileReference; fileEncoding = 4; lastKnownFileType = sourcecode.c.objc; path = GStatusCacheTool.m; sourceTree = "<group>"; };
		2779A265193EE0B4003FFF5B /* GStastusDetailCacheTool.h */ = {isa = PBXFileReference; fileEncoding = 4; lastKnownFileType = sourcecode.c.h; path = GStastusDetailCacheTool.h; sourceTree = "<group>"; };
		2779A266193EE0B4003FFF5B /* GStastusDetailCacheTool.m */ = {isa = PBXFileReference; fileEncoding = 4; lastKnownFileType = sourcecode.c.objc; path = GStastusDetailCacheTool.m; sourceTree = "<group>"; };
		27937383191DE2F400AC7108 /* MJRefresh.bundle */ = {isa = PBXFileReference; lastKnownFileType = "wrapper.plug-in"; path = MJRefresh.bundle; sourceTree = "<group>"; };
		27937384191DE2F400AC7108 /* MJRefresh.h */ = {isa = PBXFileReference; fileEncoding = 4; lastKnownFileType = sourcecode.c.h; path = MJRefresh.h; sourceTree = "<group>"; };
		27937385191DE2F400AC7108 /* MJRefreshBaseView.h */ = {isa = PBXFileReference; fileEncoding = 4; lastKnownFileType = sourcecode.c.h; path = MJRefreshBaseView.h; sourceTree = "<group>"; };
		27937386191DE2F400AC7108 /* MJRefreshBaseView.m */ = {isa = PBXFileReference; fileEncoding = 4; lastKnownFileType = sourcecode.c.objc; path = MJRefreshBaseView.m; sourceTree = "<group>"; };
		27937387191DE2F400AC7108 /* MJRefreshConst.h */ = {isa = PBXFileReference; fileEncoding = 4; lastKnownFileType = sourcecode.c.h; path = MJRefreshConst.h; sourceTree = "<group>"; };
		27937388191DE2F400AC7108 /* MJRefreshConst.m */ = {isa = PBXFileReference; fileEncoding = 4; lastKnownFileType = sourcecode.c.objc; path = MJRefreshConst.m; sourceTree = "<group>"; };
		27937389191DE2F400AC7108 /* MJRefreshFooterView.h */ = {isa = PBXFileReference; fileEncoding = 4; lastKnownFileType = sourcecode.c.h; path = MJRefreshFooterView.h; sourceTree = "<group>"; };
		2793738A191DE2F400AC7108 /* MJRefreshFooterView.m */ = {isa = PBXFileReference; fileEncoding = 4; lastKnownFileType = sourcecode.c.objc; path = MJRefreshFooterView.m; sourceTree = "<group>"; };
		2793738B191DE2F400AC7108 /* MJRefreshHeaderView.h */ = {isa = PBXFileReference; fileEncoding = 4; lastKnownFileType = sourcecode.c.h; path = MJRefreshHeaderView.h; sourceTree = "<group>"; };
		2793738C191DE2F400AC7108 /* MJRefreshHeaderView.m */ = {isa = PBXFileReference; fileEncoding = 4; lastKnownFileType = sourcecode.c.objc; path = MJRefreshHeaderView.m; sourceTree = "<group>"; };
		2795A3BC193A127C005B0E57 /* MBProgressHUD+MJ.h */ = {isa = PBXFileReference; fileEncoding = 4; lastKnownFileType = sourcecode.c.h; path = "MBProgressHUD+MJ.h"; sourceTree = "<group>"; };
		2795A3BD193A127C005B0E57 /* MBProgressHUD+MJ.m */ = {isa = PBXFileReference; fileEncoding = 4; lastKnownFileType = sourcecode.c.objc; path = "MBProgressHUD+MJ.m"; sourceTree = "<group>"; };
		2795A3BE193A127C005B0E57 /* MBProgressHUD.bundle */ = {isa = PBXFileReference; lastKnownFileType = "wrapper.plug-in"; path = MBProgressHUD.bundle; sourceTree = "<group>"; };
		2795A3BF193A127C005B0E57 /* MBProgressHUD.h */ = {isa = PBXFileReference; fileEncoding = 4; lastKnownFileType = sourcecode.c.h; path = MBProgressHUD.h; sourceTree = "<group>"; };
		2795A3C0193A127C005B0E57 /* MBProgressHUD.m */ = {isa = PBXFileReference; fileEncoding = 4; lastKnownFileType = sourcecode.c.objc; path = MBProgressHUD.m; sourceTree = "<group>"; };
		279CA7BC191D08CE009C6DA0 /* CN.app */ = {isa = PBXFileReference; explicitFileType = wrapper.application; includeInIndex = 0; path = CN.app; sourceTree = BUILT_PRODUCTS_DIR; };
		279CA7BF191D08CE009C6DA0 /* Foundation.framework */ = {isa = PBXFileReference; lastKnownFileType = wrapper.framework; name = Foundation.framework; path = System/Library/Frameworks/Foundation.framework; sourceTree = SDKROOT; };
		279CA7C1191D08CE009C6DA0 /* CoreGraphics.framework */ = {isa = PBXFileReference; lastKnownFileType = wrapper.framework; name = CoreGraphics.framework; path = System/Library/Frameworks/CoreGraphics.framework; sourceTree = SDKROOT; };
		279CA7C3191D08CE009C6DA0 /* UIKit.framework */ = {isa = PBXFileReference; lastKnownFileType = wrapper.framework; name = UIKit.framework; path = System/Library/Frameworks/UIKit.framework; sourceTree = SDKROOT; };
		279CA7DD191D08CE009C6DA0 /* CNTests.xctest */ = {isa = PBXFileReference; explicitFileType = wrapper.cfbundle; includeInIndex = 0; path = CNTests.xctest; sourceTree = BUILT_PRODUCTS_DIR; };
		279CA7DE191D08CE009C6DA0 /* XCTest.framework */ = {isa = PBXFileReference; lastKnownFileType = wrapper.framework; name = XCTest.framework; path = Library/Frameworks/XCTest.framework; sourceTree = DEVELOPER_DIR; };
		279CA7E6191D08CE009C6DA0 /* CNTests-Info.plist */ = {isa = PBXFileReference; lastKnownFileType = text.plist.xml; path = "CNTests-Info.plist"; sourceTree = "<group>"; };
		279CA7E8191D08CE009C6DA0 /* en */ = {isa = PBXFileReference; lastKnownFileType = text.plist.strings; name = en; path = en.lproj/InfoPlist.strings; sourceTree = "<group>"; };
		279CA7EA191D08CE009C6DA0 /* CNTests.m */ = {isa = PBXFileReference; lastKnownFileType = sourcecode.c.objc; path = CNTests.m; sourceTree = "<group>"; };
		27A5E759193B4115009A1373 /* GDetailViewController.h */ = {isa = PBXFileReference; fileEncoding = 4; lastKnownFileType = sourcecode.c.h; path = GDetailViewController.h; sourceTree = "<group>"; };
		27A5E75A193B4115009A1373 /* GDetailViewController.m */ = {isa = PBXFileReference; fileEncoding = 4; lastKnownFileType = sourcecode.c.objc; path = GDetailViewController.m; sourceTree = "<group>"; };
		27A5E75E193B4115009A1373 /* GDetailModel.h */ = {isa = PBXFileReference; fileEncoding = 4; lastKnownFileType = sourcecode.c.h; path = GDetailModel.h; sourceTree = "<group>"; };
		27A5E75F193B4115009A1373 /* GDetailModel.m */ = {isa = PBXFileReference; fileEncoding = 4; lastKnownFileType = sourcecode.c.objc; path = GDetailModel.m; sourceTree = "<group>"; };
		27A5E765193B4115009A1373 /* GDetailView.h */ = {isa = PBXFileReference; fileEncoding = 4; lastKnownFileType = sourcecode.c.h; path = GDetailView.h; sourceTree = "<group>"; };
		27A5E766193B4115009A1373 /* GDetailView.m */ = {isa = PBXFileReference; fileEncoding = 4; lastKnownFileType = sourcecode.c.objc; path = GDetailView.m; sourceTree = "<group>"; };
		27C1AE18191DB0AC00C5E9B1 /* placeHolderImage.jpg */ = {isa = PBXFileReference; lastKnownFileType = image.jpeg; path = placeHolderImage.jpg; sourceTree = "<group>"; };
		27C1AE1A191DB23500C5E9B1 /* UIImage+UIImage_G.h */ = {isa = PBXFileReference; fileEncoding = 4; lastKnownFileType = sourcecode.c.h; path = "UIImage+UIImage_G.h"; sourceTree = "<group>"; };
		27C1AE1B191DB23500C5E9B1 /* UIImage+UIImage_G.m */ = {isa = PBXFileReference; fileEncoding = 4; lastKnownFileType = sourcecode.c.objc; path = "UIImage+UIImage_G.m"; sourceTree = "<group>"; };
		27EF7208193B44DB00067F74 /* GParseImage.h */ = {isa = PBXFileReference; fileEncoding = 4; lastKnownFileType = sourcecode.c.h; path = GParseImage.h; sourceTree = "<group>"; };
		27EF7209193B44DB00067F74 /* GParseImage.m */ = {isa = PBXFileReference; fileEncoding = 4; lastKnownFileType = sourcecode.c.objc; path = GParseImage.m; sourceTree = "<group>"; };
/* End PBXFileReference section */

/* Begin PBXFrameworksBuildPhase section */
		279CA7B9191D08CE009C6DA0 /* Frameworks */ = {
			isa = PBXFrameworksBuildPhase;
			buildActionMask = 2147483647;
			files = (
				276DB236191D0EA8003E5BE4 /* libxml2.2.dylib in Frameworks */,
				276DB1FF191D0CCE003E5BE4 /* libsqlite3.dylib in Frameworks */,
				279CA7C2191D08CE009C6DA0 /* CoreGraphics.framework in Frameworks */,
				279CA7C4191D08CE009C6DA0 /* UIKit.framework in Frameworks */,
				270B31D8193F6A47001FEB46 /* Crashlytics.framework in Frameworks */,
				279CA7C0191D08CE009C6DA0 /* Foundation.framework in Frameworks */,
			);
			runOnlyForDeploymentPostprocessing = 0;
		};
		279CA7DA191D08CE009C6DA0 /* Frameworks */ = {
			isa = PBXFrameworksBuildPhase;
			buildActionMask = 2147483647;
			files = (
				279CA7DF191D08CE009C6DA0 /* XCTest.framework in Frameworks */,
				279CA7E1191D08CE009C6DA0 /* UIKit.framework in Frameworks */,
				279CA7E0191D08CE009C6DA0 /* Foundation.framework in Frameworks */,
			);
			runOnlyForDeploymentPostprocessing = 0;
		};
/* End PBXFrameworksBuildPhase section */

/* Begin PBXGroup section */
		2768A364191D38DF005C4C24 /* SDWebImage */ = {
			isa = PBXGroup;
			children = (
				2768A365191D38DF005C4C24 /* MKAnnotationView+WebCache.h */,
				2768A366191D38DF005C4C24 /* MKAnnotationView+WebCache.m */,
				2768A367191D38DF005C4C24 /* NSData+ImageContentType.h */,
				2768A368191D38DF005C4C24 /* NSData+ImageContentType.m */,
				2768A369191D38DF005C4C24 /* SDImageCache.h */,
				2768A36A191D38DF005C4C24 /* SDImageCache.m */,
				2768A36B191D38DF005C4C24 /* SDWebImageCompat.h */,
				2768A36C191D38DF005C4C24 /* SDWebImageCompat.m */,
				2768A36D191D38DF005C4C24 /* SDWebImageDecoder.h */,
				2768A36E191D38DF005C4C24 /* SDWebImageDecoder.m */,
				2768A36F191D38DF005C4C24 /* SDWebImageDownloader.h */,
				2768A370191D38DF005C4C24 /* SDWebImageDownloader.m */,
				2768A371191D38DF005C4C24 /* SDWebImageDownloaderOperation.h */,
				2768A372191D38DF005C4C24 /* SDWebImageDownloaderOperation.m */,
				2768A373191D38DF005C4C24 /* SDWebImageManager.h */,
				2768A374191D38DF005C4C24 /* SDWebImageManager.m */,
				2768A375191D38DF005C4C24 /* SDWebImageOperation.h */,
				2768A376191D38DF005C4C24 /* SDWebImagePrefetcher.h */,
				2768A377191D38DF005C4C24 /* SDWebImagePrefetcher.m */,
				2768A378191D38DF005C4C24 /* UIButton+WebCache.h */,
				2768A379191D38DF005C4C24 /* UIButton+WebCache.m */,
				2768A37A191D38DF005C4C24 /* UIImage+GIF.h */,
				2768A37B191D38DF005C4C24 /* UIImage+GIF.m */,
				2768A37C191D38DF005C4C24 /* UIImage+MultiFormat.h */,
				2768A37D191D38DF005C4C24 /* UIImage+MultiFormat.m */,
				2768A37E191D38DF005C4C24 /* UIImage+WebP.h */,
				2768A37F191D38DF005C4C24 /* UIImage+WebP.m */,
				2768A380191D38DF005C4C24 /* UIImageView+WebCache.h */,
				2768A381191D38DF005C4C24 /* UIImageView+WebCache.m */,
			);
			path = SDWebImage;
			sourceTree = "<group>";
		};
		276CB11A193AC2BD00B4FE58 /* lib */ = {
			isa = PBXGroup;
			children = (
				276CB11B193AC2BD00B4FE58 /* AFNetworking */,
			);
			path = lib;
			sourceTree = "<group>";
		};
		276CB11B193AC2BD00B4FE58 /* AFNetworking */ = {
			isa = PBXGroup;
			children = (
				276CB11C193AC2BD00B4FE58 /* AFHTTPRequestOperation.h */,
				276CB11D193AC2BD00B4FE58 /* AFHTTPRequestOperation.m */,
				276CB11E193AC2BD00B4FE58 /* AFHTTPRequestOperationManager.h */,
				276CB11F193AC2BD00B4FE58 /* AFHTTPRequestOperationManager.m */,
				276CB120193AC2BD00B4FE58 /* AFHTTPSessionManager.h */,
				276CB121193AC2BD00B4FE58 /* AFHTTPSessionManager.m */,
				276CB122193AC2BD00B4FE58 /* AFNetworking.h */,
				276CB123193AC2BD00B4FE58 /* AFNetworkReachabilityManager.h */,
				276CB124193AC2BD00B4FE58 /* AFNetworkReachabilityManager.m */,
				276CB125193AC2BD00B4FE58 /* AFSecurityPolicy.h */,
				276CB126193AC2BD00B4FE58 /* AFSecurityPolicy.m */,
				276CB127193AC2BD00B4FE58 /* AFURLConnectionOperation.h */,
				276CB128193AC2BD00B4FE58 /* AFURLConnectionOperation.m */,
				276CB129193AC2BD00B4FE58 /* AFURLRequestSerialization.h */,
				276CB12A193AC2BD00B4FE58 /* AFURLRequestSerialization.m */,
				276CB12B193AC2BD00B4FE58 /* AFURLResponseSerialization.h */,
				276CB12C193AC2BD00B4FE58 /* AFURLResponseSerialization.m */,
				276CB12D193AC2BD00B4FE58 /* AFURLSessionManager.h */,
				276CB12E193AC2BD00B4FE58 /* AFURLSessionManager.m */,
			);
			path = AFNetworking;
			sourceTree = "<group>";
		};
		276DB186191D0A32003E5BE4 /* setting */ = {
			isa = PBXGroup;
			children = (
				276DB18A191D0A92003E5BE4 /* en.lproj */,
				276DB18D191D0A92003E5BE4 /* Images.xcassets */,
				276DB187191D0A62003E5BE4 /* GAppDelegate.h */,
				276DB188191D0A62003E5BE4 /* GAppDelegate.m */,
				279CA7C6191D08CE009C6DA0 /* Supporting Files */,
			);
			path = setting;
			sourceTree = "<group>";
		};
		276DB18A191D0A92003E5BE4 /* en.lproj */ = {
			isa = PBXGroup;
			children = (
				276DB18B191D0A92003E5BE4 /* InfoPlist.strings */,
			);
			path = en.lproj;
			sourceTree = "<group>";
		};
		27790661191D121C0081C136 /* classes */ = {
			isa = PBXGroup;
			children = (
				277906DE191D18FA0081C136 /* Home(首页) */,
				27A5E757193B4115009A1373 /* Detail */,
			);
			path = classes;
			sourceTree = "<group>";
		};
		2779067B191D121C0081C136 /* lib */ = {
			isa = PBXGroup;
			children = (
				276CB11A193AC2BD00B4FE58 /* lib */,
				2779067D191D121C0081C136 /* service */,
			);
			name = lib;
			path = other;
			sourceTree = "<group>";
		};
		2779067D191D121C0081C136 /* service */ = {
			isa = PBXGroup;
			children = (
				2795A3BB193A127C005B0E57 /* MBProgressHUD */,
				27937382191DE2F400AC7108 /* MJRefresh */,
				277906C0191D12EF0081C136 /* MJExtension */,
				277906AF191D128E0081C136 /* FMDB */,
				2779A260193EDA8F003FFF5B /* SQLTool */,
				2779067E191D121C0081C136 /* HTTP Tool */,
				27790687191D121C0081C136 /* imageTool */,
				2779068A191D121C0081C136 /* NSString Tool */,
				2779068D191D121C0081C136 /* webTool */,
			);
			name = service;
			path = Tool;
			sourceTree = "<group>";
		};
		2779067E191D121C0081C136 /* HTTP Tool */ = {
			isa = PBXGroup;
			children = (
				2779067F191D121C0081C136 /* GHTTPTool.h */,
				27790680191D121C0081C136 /* GHTTPTool.m */,
			);
			path = "HTTP Tool";
			sourceTree = "<group>";
		};
		27790687191D121C0081C136 /* imageTool */ = {
			isa = PBXGroup;
			children = (
				27C1AE1A191DB23500C5E9B1 /* UIImage+UIImage_G.h */,
				27C1AE1B191DB23500C5E9B1 /* UIImage+UIImage_G.m */,
				2768A364191D38DF005C4C24 /* SDWebImage */,
			);
			path = imageTool;
			sourceTree = "<group>";
		};
		2779068A191D121C0081C136 /* NSString Tool */ = {
			isa = PBXGroup;
			children = (
				2779068B191D121C0081C136 /* NSString+Extension.h */,
				2779068C191D121C0081C136 /* NSString+Extension.m */,
			);
			path = "NSString Tool";
			sourceTree = "<group>";
		};
		2779068D191D121C0081C136 /* webTool */ = {
			isa = PBXGroup;
			children = (
				2779068E191D121C0081C136 /* SHXMLParser.h */,
				2779068F191D121C0081C136 /* SHXMLParser.m */,
				27790690191D121C0081C136 /* TFHpple.h */,
				27790691191D121C0081C136 /* TFHpple.m */,
				27790692191D121C0081C136 /* TFHppleElement.h */,
				27790693191D121C0081C136 /* TFHppleElement.m */,
				27790694191D121C0081C136 /* WebServices.h */,
				27790695191D121C0081C136 /* WebServices.m */,
				27790696191D121C0081C136 /* XPathQuery.h */,
				27790697191D121C0081C136 /* XPathQuery.m */,
			);
			path = webTool;
			sourceTree = "<group>";
		};
		277906AF191D128E0081C136 /* FMDB */ = {
			isa = PBXGroup;
			children = (
				277906B0191D128E0081C136 /* FMDatabase.h */,
				277906B1191D128E0081C136 /* FMDatabase.m */,
				277906B2191D128E0081C136 /* FMDatabaseAdditions.h */,
				277906B3191D128E0081C136 /* FMDatabaseAdditions.m */,
				277906B4191D128E0081C136 /* FMDatabasePool.h */,
				277906B5191D128E0081C136 /* FMDatabasePool.m */,
				277906B6191D128E0081C136 /* FMDatabaseQueue.h */,
				277906B7191D128E0081C136 /* FMDatabaseQueue.m */,
				277906B8191D128E0081C136 /* FMDB.h */,
				277906B9191D128E0081C136 /* FMResultSet.h */,
				277906BA191D128E0081C136 /* FMResultSet.m */,
			);
			path = FMDB;
			sourceTree = "<group>";
		};
		277906C0191D12EF0081C136 /* MJExtension */ = {
			isa = PBXGroup;
			children = (
				277906C1191D12EF0081C136 /* MJArgument.h */,
				277906C2191D12EF0081C136 /* MJArgument.m */,
				277906C3191D12EF0081C136 /* MJExtension.h */,
				277906C4191D12EF0081C136 /* MJIvar.h */,
				277906C5191D12EF0081C136 /* MJIvar.m */,
				277906C6191D12EF0081C136 /* MJMember.h */,
				277906C7191D12EF0081C136 /* MJMember.m */,
				277906C8191D12EF0081C136 /* MJMethod.h */,
				277906C9191D12EF0081C136 /* MJMethod.m */,
				277906CA191D12EF0081C136 /* MJType.h */,
				277906CB191D12EF0081C136 /* MJType.m */,
				277906CC191D12EF0081C136 /* MJTypeEncoding.h */,
				277906CD191D12EF0081C136 /* MJTypeEncoding.m */,
				277906CE191D12EF0081C136 /* NSObject+MJCoding.h */,
				277906CF191D12EF0081C136 /* NSObject+MJCoding.m */,
				277906D0191D12EF0081C136 /* NSObject+MJKeyValue.h */,
				277906D1191D12EF0081C136 /* NSObject+MJKeyValue.m */,
				277906D2191D12EF0081C136 /* NSObject+MJMember.h */,
				277906D3191D12EF0081C136 /* NSObject+MJMember.m */,
			);
			path = MJExtension;
			sourceTree = "<group>";
		};
		277906DE191D18FA0081C136 /* Home(首页) */ = {
			isa = PBXGroup;
			children = (
				277906DF191D18FA0081C136 /* controller */,
				277906E7191D18FA0081C136 /* model */,
				277906E8191D18FA0081C136 /* view */,
			);
			name = "Home(首页)";
			path = Home;
			sourceTree = "<group>";
		};
		277906DF191D18FA0081C136 /* controller */ = {
			isa = PBXGroup;
			children = (
				27280F14193AEE4D00677A41 /* GViewController.h */,
				27280F15193AEE4D00677A41 /* GViewController.m */,
			);
			path = controller;
			sourceTree = "<group>";
		};
		277906E7191D18FA0081C136 /* model */ = {
			isa = PBXGroup;
			children = (
				27280F0E193AEE0200677A41 /* GStatus.h */,
				27280F0F193AEE0200677A41 /* GStatus.m */,
				27280F10193AEE0200677A41 /* GStatusesSid.h */,
				27280F11193AEE0200677A41 /* GStatusesSid.m */,
			);
			path = model;
			sourceTree = "<group>";
		};
		277906E8191D18FA0081C136 /* view */ = {
			isa = PBXGroup;
			children = (
				27280F17193AEE5400677A41 /* GSView.h */,
				27280F18193AEE5400677A41 /* GSView.m */,
				27280F19193AEE5400677A41 /* GTableViewCell.h */,
				27280F1A193AEE5400677A41 /* GTableViewCell.m */,
				27280F1B193AEE5400677A41 /* GTableViewCell.xib */,
				27C1AE18191DB0AC00C5E9B1 /* placeHolderImage.jpg */,
			);
			path = view;
			sourceTree = "<group>";
		};
		2779A260193EDA8F003FFF5B /* SQLTool */ = {
			isa = PBXGroup;
			children = (
				2779A261193EDA8F003FFF5B /* GStatusCacheTool.h */,
				2779A262193EDA8F003FFF5B /* GStatusCacheTool.m */,
			);
			path = SQLTool;
			sourceTree = "<group>";
		};
		2779A264193EDB96003FFF5B /* cacheTool */ = {
			isa = PBXGroup;
			children = (
				2779A265193EE0B4003FFF5B /* GStastusDetailCacheTool.h */,
				2779A266193EE0B4003FFF5B /* GStastusDetailCacheTool.m */,
			);
			path = cacheTool;
			sourceTree = "<group>";
		};
		27937382191DE2F400AC7108 /* MJRefresh */ = {
			isa = PBXGroup;
			children = (
				27937383191DE2F400AC7108 /* MJRefresh.bundle */,
				27937384191DE2F400AC7108 /* MJRefresh.h */,
				27937385191DE2F400AC7108 /* MJRefreshBaseView.h */,
				27937386191DE2F400AC7108 /* MJRefreshBaseView.m */,
				27937387191DE2F400AC7108 /* MJRefreshConst.h */,
				27937388191DE2F400AC7108 /* MJRefreshConst.m */,
				27937389191DE2F400AC7108 /* MJRefreshFooterView.h */,
				2793738A191DE2F400AC7108 /* MJRefreshFooterView.m */,
				2793738B191DE2F400AC7108 /* MJRefreshHeaderView.h */,
				2793738C191DE2F400AC7108 /* MJRefreshHeaderView.m */,
			);
			path = MJRefresh;
			sourceTree = "<group>";
		};
		2795A3BB193A127C005B0E57 /* MBProgressHUD */ = {
			isa = PBXGroup;
			children = (
				2795A3BC193A127C005B0E57 /* MBProgressHUD+MJ.h */,
				2795A3BD193A127C005B0E57 /* MBProgressHUD+MJ.m */,
				2795A3BE193A127C005B0E57 /* MBProgressHUD.bundle */,
				2795A3BF193A127C005B0E57 /* MBProgressHUD.h */,
				2795A3C0193A127C005B0E57 /* MBProgressHUD.m */,
			);
			path = MBProgressHUD;
			sourceTree = "<group>";
		};
		279CA7B3191D08CE009C6DA0 = {
			isa = PBXGroup;
			children = (
				279CA7C5191D08CE009C6DA0 /* CN */,
				279CA7E4191D08CE009C6DA0 /* CNTests */,
				279CA7BE191D08CE009C6DA0 /* Frameworks */,
				279CA7BD191D08CE009C6DA0 /* Products */,
			);
			sourceTree = "<group>";
		};
		279CA7BD191D08CE009C6DA0 /* Products */ = {
			isa = PBXGroup;
			children = (
				279CA7BC191D08CE009C6DA0 /* CN.app */,
				279CA7DD191D08CE009C6DA0 /* CNTests.xctest */,
			);
			name = Products;
			sourceTree = "<group>";
		};
		279CA7BE191D08CE009C6DA0 /* Frameworks */ = {
			isa = PBXGroup;
			children = (
				270B31D7193F6A47001FEB46 /* Crashlytics.framework */,
				276DB200191D0CDE003E5BE4 /* libxml2.dylib */,
				276DB1FE191D0CCE003E5BE4 /* libsqlite3.dylib */,
				276DB1FC191D0CC4003E5BE4 /* libxml2.2.dylib */,
				279CA7BF191D08CE009C6DA0 /* Foundation.framework */,
				279CA7C1191D08CE009C6DA0 /* CoreGraphics.framework */,
				279CA7C3191D08CE009C6DA0 /* UIKit.framework */,
				279CA7DE191D08CE009C6DA0 /* XCTest.framework */,
			);
			name = Frameworks;
			sourceTree = "<group>";
		};
		279CA7C5191D08CE009C6DA0 /* CN */ = {
			isa = PBXGroup;
			children = (
				27790661191D121C0081C136 /* classes */,
				2779067B191D121C0081C136 /* lib */,
				276DB186191D0A32003E5BE4 /* setting */,
			);
			path = CN;
			sourceTree = "<group>";
		};
		279CA7C6191D08CE009C6DA0 /* Supporting Files */ = {
			isa = PBXGroup;
			children = (
				276DB197191D0B5F003E5BE4 /* CN-Info.plist */,
				276DB198191D0B5F003E5BE4 /* CN-Prefix.pch */,
				276DB199191D0B5F003E5BE4 /* main.m */,
			);
			name = "Supporting Files";
			path = ..;
			sourceTree = "<group>";
		};
		279CA7E4191D08CE009C6DA0 /* CNTests */ = {
			isa = PBXGroup;
			children = (
				279CA7EA191D08CE009C6DA0 /* CNTests.m */,
				279CA7E5191D08CE009C6DA0 /* Supporting Files */,
			);
			path = CNTests;
			sourceTree = "<group>";
		};
		279CA7E5191D08CE009C6DA0 /* Supporting Files */ = {
			isa = PBXGroup;
			children = (
				279CA7E6191D08CE009C6DA0 /* CNTests-Info.plist */,
				279CA7E7191D08CE009C6DA0 /* InfoPlist.strings */,
			);
			name = "Supporting Files";
			sourceTree = "<group>";
		};
		27A5E757193B4115009A1373 /* Detail */ = {
			isa = PBXGroup;
			children = (
				27A5E758193B4115009A1373 /* controller */,
				27A5E75B193B4115009A1373 /* model */,
				27A5E764193B4115009A1373 /* view */,
				2779A264193EDB96003FFF5B /* cacheTool */,
			);
			path = Detail;
			sourceTree = "<group>";
		};
		27A5E758193B4115009A1373 /* controller */ = {
			isa = PBXGroup;
			children = (
				27A5E759193B4115009A1373 /* GDetailViewController.h */,
				27A5E75A193B4115009A1373 /* GDetailViewController.m */,
			);
			path = controller;
			sourceTree = "<group>";
		};
		27A5E75B193B4115009A1373 /* model */ = {
			isa = PBXGroup;
			children = (
				27A5E75E193B4115009A1373 /* GDetailModel.h */,
				27A5E75F193B4115009A1373 /* GDetailModel.m */,
				27EF7208193B44DB00067F74 /* GParseImage.h */,
				27EF7209193B44DB00067F74 /* GParseImage.m */,
			);
			path = model;
			sourceTree = "<group>";
		};
		27A5E764193B4115009A1373 /* view */ = {
			isa = PBXGroup;
			children = (
				27A5E765193B4115009A1373 /* GDetailView.h */,
				27A5E766193B4115009A1373 /* GDetailView.m */,
			);
			path = view;
			sourceTree = "<group>";
		};
/* End PBXGroup section */

/* Begin PBXNativeTarget section */
		279CA7BB191D08CE009C6DA0 /* CN */ = {
			isa = PBXNativeTarget;
			buildConfigurationList = 279CA7EE191D08CE009C6DA0 /* Build configuration list for PBXNativeTarget "CN" */;
			buildPhases = (
				279CA7B8191D08CE009C6DA0 /* Sources */,
				279CA7B9191D08CE009C6DA0 /* Frameworks */,
				279CA7BA191D08CE009C6DA0 /* Resources */,
				270B31D6193F69F8001FEB46 /* ShellScript */,
			);
			buildRules = (
			);
			dependencies = (
			);
			name = CN;
			productName = CN;
			productReference = 279CA7BC191D08CE009C6DA0 /* CN.app */;
			productType = "com.apple.product-type.application";
		};
		279CA7DC191D08CE009C6DA0 /* CNTests */ = {
			isa = PBXNativeTarget;
			buildConfigurationList = 279CA7F1191D08CE009C6DA0 /* Build configuration list for PBXNativeTarget "CNTests" */;
			buildPhases = (
				279CA7D9191D08CE009C6DA0 /* Sources */,
				279CA7DA191D08CE009C6DA0 /* Frameworks */,
				279CA7DB191D08CE009C6DA0 /* Resources */,
			);
			buildRules = (
			);
			dependencies = (
				279CA7E3191D08CE009C6DA0 /* PBXTargetDependency */,
			);
			name = CNTests;
			productName = CNTests;
			productReference = 279CA7DD191D08CE009C6DA0 /* CNTests.xctest */;
			productType = "com.apple.product-type.bundle.unit-test";
		};
/* End PBXNativeTarget section */

/* Begin PBXProject section */
		279CA7B4191D08CE009C6DA0 /* Project object */ = {
			isa = PBXProject;
			attributes = {
				CLASSPREFIX = G;
				LastUpgradeCheck = 0510;
				ORGANIZATIONNAME = cubeTC;
				TargetAttributes = {
					279CA7DC191D08CE009C6DA0 = {
						TestTargetID = 279CA7BB191D08CE009C6DA0;
					};
				};
			};
			buildConfigurationList = 279CA7B7191D08CE009C6DA0 /* Build configuration list for PBXProject "CN" */;
			compatibilityVersion = "Xcode 3.2";
			developmentRegion = English;
			hasScannedForEncodings = 0;
			knownRegions = (
				en,
				Base,
			);
			mainGroup = 279CA7B3191D08CE009C6DA0;
			productRefGroup = 279CA7BD191D08CE009C6DA0 /* Products */;
			projectDirPath = "";
			projectRoot = "";
			targets = (
				279CA7BB191D08CE009C6DA0 /* CN */,
				279CA7DC191D08CE009C6DA0 /* CNTests */,
			);
		};
/* End PBXProject section */

/* Begin PBXResourcesBuildPhase section */
		279CA7BA191D08CE009C6DA0 /* Resources */ = {
			isa = PBXResourcesBuildPhase;
			buildActionMask = 2147483647;
			files = (
				27C1AE19191DB0AC00C5E9B1 /* placeHolderImage.jpg in Resources */,
				276DB18F191D0A92003E5BE4 /* Images.xcassets in Resources */,
				2793738D191DE2F400AC7108 /* MJRefresh.bundle in Resources */,
				27280F1E193AEE5400677A41 /* GTableViewCell.xib in Resources */,
				276DB19A191D0B5F003E5BE4 /* CN-Info.plist in Resources */,
				276DB18E191D0A92003E5BE4 /* InfoPlist.strings in Resources */,
				2795A3C2193A127C005B0E57 /* MBProgressHUD.bundle in Resources */,
			);
			runOnlyForDeploymentPostprocessing = 0;
		};
		279CA7DB191D08CE009C6DA0 /* Resources */ = {
			isa = PBXResourcesBuildPhase;
			buildActionMask = 2147483647;
			files = (
				279CA7E9191D08CE009C6DA0 /* InfoPlist.strings in Resources */,
			);
			runOnlyForDeploymentPostprocessing = 0;
		};
/* End PBXResourcesBuildPhase section */

/* Begin PBXShellScriptBuildPhase section */
		270B31D6193F69F8001FEB46 /* ShellScript */ = {
			isa = PBXShellScriptBuildPhase;
			buildActionMask = 2147483647;
			files = (
			);
			inputPaths = (
			);
			outputPaths = (
			);
			runOnlyForDeploymentPostprocessing = 0;
			shellPath = /bin/sh;
			shellScript = "./Crashlytics.framework/run 5e0b7bb211f1e833fb7f2c20c320cab13d19bab2 639100ecb1a770cc50e60e9c3f07509f7f7e2359a8fe7a22ede08ecd24e32cdf";
		};
/* End PBXShellScriptBuildPhase section */

/* Begin PBXSourcesBuildPhase section */
		279CA7B8191D08CE009C6DA0 /* Sources */ = {
			isa = PBXSourcesBuildPhase;
			buildActionMask = 2147483647;
			files = (
				2793738F191DE2F400AC7108 /* MJRefreshConst.m in Sources */,
				27937390191DE2F400AC7108 /* MJRefreshFooterView.m in Sources */,
				2768A386191D38DF005C4C24 /* SDWebImageDecoder.m in Sources */,
				2768A389191D38DF005C4C24 /* SDWebImageManager.m in Sources */,
				277906D9191D12EF0081C136 /* MJTypeEncoding.m in Sources */,
				276DB189191D0A62003E5BE4 /* GAppDelegate.m in Sources */,
				277906D4191D12EF0081C136 /* MJArgument.m in Sources */,
				27C1AE1C191DB23500C5E9B1 /* UIImage+UIImage_G.m in Sources */,
				276CB134193AC2BD00B4FE58 /* AFURLConnectionOperation.m in Sources */,
				277906AA191D121C0081C136 /* SHXMLParser.m in Sources */,
				2768A382191D38DF005C4C24 /* MKAnnotationView+WebCache.m in Sources */,
				277906D5191D12EF0081C136 /* MJIvar.m in Sources */,
				27280F16193AEE4D00677A41 /* GViewController.m in Sources */,
				2768A38E191D38DF005C4C24 /* UIImage+WebP.m in Sources */,
				2795A3C1193A127C005B0E57 /* MBProgressHUD+MJ.m in Sources */,
				2768A384191D38DF005C4C24 /* SDImageCache.m in Sources */,
				277906A9191D121C0081C136 /* NSString+Extension.m in Sources */,
				276DB19B191D0B5F003E5BE4 /* main.m in Sources */,
				277906D8191D12EF0081C136 /* MJType.m in Sources */,
				276CB12F193AC2BD00B4FE58 /* AFHTTPRequestOperation.m in Sources */,
				276CB132193AC2BD00B4FE58 /* AFNetworkReachabilityManager.m in Sources */,
				2768A38D191D38DF005C4C24 /* UIImage+MultiFormat.m in Sources */,
				27280F1C193AEE5400677A41 /* GSView.m in Sources */,
				277906AE191D121C0081C136 /* XPathQuery.m in Sources */,
				277906AC191D121C0081C136 /* TFHppleElement.m in Sources */,
				277906AD191D121C0081C136 /* WebServices.m in Sources */,
				2768A38C191D38DF005C4C24 /* UIImage+GIF.m in Sources */,
				2768A385191D38DF005C4C24 /* SDWebImageCompat.m in Sources */,
				276CB136193AC2BD00B4FE58 /* AFURLResponseSerialization.m in Sources */,
				277906BD191D128E0081C136 /* FMDatabasePool.m in Sources */,
				277906BB191D128E0081C136 /* FMDatabase.m in Sources */,
				276CB133193AC2BD00B4FE58 /* AFSecurityPolicy.m in Sources */,
				27A5E767193B4115009A1373 /* GDetailViewController.m in Sources */,
				277906AB191D121C0081C136 /* TFHpple.m in Sources */,
				2768A388191D38DF005C4C24 /* SDWebImageDownloaderOperation.m in Sources */,
				2779A267193EE0B4003FFF5B /* GStastusDetailCacheTool.m in Sources */,
				277906BE191D128E0081C136 /* FMDatabaseQueue.m in Sources */,
				277906D6191D12EF0081C136 /* MJMember.m in Sources */,
				277906DB191D12EF0081C136 /* NSObject+MJKeyValue.m in Sources */,
				27EF720A193B44DB00067F74 /* GParseImage.m in Sources */,
				2768A38F191D38DF005C4C24 /* UIImageView+WebCache.m in Sources */,
				277906BF191D128E0081C136 /* FMResultSet.m in Sources */,
				2779A263193EDA8F003FFF5B /* GStatusCacheTool.m in Sources */,
				27280F1D193AEE5400677A41 /* GTableViewCell.m in Sources */,
				276CB131193AC2BD00B4FE58 /* AFHTTPSessionManager.m in Sources */,
				277906DC191D12EF0081C136 /* NSObject+MJMember.m in Sources */,
				277906A4191D121C0081C136 /* GHTTPTool.m in Sources */,
				27280F12193AEE0200677A41 /* GStatus.m in Sources */,
				27937391191DE2F400AC7108 /* MJRefreshHeaderView.m in Sources */,
				276CB137193AC2BD00B4FE58 /* AFURLSessionManager.m in Sources */,
				277906BC191D128E0081C136 /* FMDatabaseAdditions.m in Sources */,
				2768A38A191D38DF005C4C24 /* SDWebImagePrefetcher.m in Sources */,
				27A5E769193B4115009A1373 /* GDetailModel.m in Sources */,
				27A5E76C193B4115009A1373 /* GDetailView.m in Sources */,
				2768A383191D38DF005C4C24 /* NSData+ImageContentType.m in Sources */,
				277906D7191D12EF0081C136 /* MJMethod.m in Sources */,
				276CB135193AC2BD00B4FE58 /* AFURLRequestSerialization.m in Sources */,
				276CB130193AC2BD00B4FE58 /* AFHTTPRequestOperationManager.m in Sources */,
				2793738E191DE2F400AC7108 /* MJRefreshBaseView.m in Sources */,
				277906DA191D12EF0081C136 /* NSObject+MJCoding.m in Sources */,
				2768A38B191D38DF005C4C24 /* UIButton+WebCache.m in Sources */,
				2768A387191D38DF005C4C24 /* SDWebImageDownloader.m in Sources */,
				27280F13193AEE0200677A41 /* GStatusesSid.m in Sources */,
				2795A3C3193A127C005B0E57 /* MBProgressHUD.m in Sources */,
			);
			runOnlyForDeploymentPostprocessing = 0;
		};
		279CA7D9191D08CE009C6DA0 /* Sources */ = {
			isa = PBXSourcesBuildPhase;
			buildActionMask = 2147483647;
			files = (
				279CA7EB191D08CE009C6DA0 /* CNTests.m in Sources */,
			);
			runOnlyForDeploymentPostprocessing = 0;
		};
/* End PBXSourcesBuildPhase section */

/* Begin PBXTargetDependency section */
		279CA7E3191D08CE009C6DA0 /* PBXTargetDependency */ = {
			isa = PBXTargetDependency;
			target = 279CA7BB191D08CE009C6DA0 /* CN */;
			targetProxy = 279CA7E2191D08CE009C6DA0 /* PBXContainerItemProxy */;
		};
/* End PBXTargetDependency section */

/* Begin PBXVariantGroup section */
		276DB18B191D0A92003E5BE4 /* InfoPlist.strings */ = {
			isa = PBXVariantGroup;
			children = (
				276DB18C191D0A92003E5BE4 /* en */,
			);
			name = InfoPlist.strings;
			sourceTree = "<group>";
		};
		279CA7E7191D08CE009C6DA0 /* InfoPlist.strings */ = {
			isa = PBXVariantGroup;
			children = (
				279CA7E8191D08CE009C6DA0 /* en */,
			);
			name = InfoPlist.strings;
			sourceTree = "<group>";
		};
/* End PBXVariantGroup section */

/* Begin XCBuildConfiguration section */
		279CA7EC191D08CE009C6DA0 /* Debug */ = {
			isa = XCBuildConfiguration;
			buildSettings = {
				ALWAYS_SEARCH_USER_PATHS = NO;
				CLANG_CXX_LANGUAGE_STANDARD = "gnu++0x";
				CLANG_CXX_LIBRARY = "compiler-default";
				CLANG_ENABLE_MODULES = YES;
				CLANG_ENABLE_OBJC_ARC = YES;
				CLANG_WARN_BOOL_CONVERSION = YES;
				CLANG_WARN_CONSTANT_CONVERSION = YES;
				CLANG_WARN_DIRECT_OBJC_ISA_USAGE = YES_ERROR;
				CLANG_WARN_EMPTY_BODY = YES;
				CLANG_WARN_ENUM_CONVERSION = YES;
				CLANG_WARN_INT_CONVERSION = YES;
				CLANG_WARN_OBJC_ROOT_CLASS = YES_ERROR;
				CLANG_WARN__DUPLICATE_METHOD_MATCH = YES;
				"CODE_SIGN_IDENTITY[sdk=iphoneos*]" = "iPhone Developer";
				COPY_PHASE_STRIP = NO;
				GCC_C_LANGUAGE_STANDARD = gnu99;
				GCC_DYNAMIC_NO_PIC = NO;
				GCC_OPTIMIZATION_LEVEL = 0;
				GCC_PREPROCESSOR_DEFINITIONS = (
					"DEBUG=1",
					"$(inherited)",
				);
				GCC_SYMBOLS_PRIVATE_EXTERN = NO;
				GCC_WARN_64_TO_32_BIT_CONVERSION = YES;
				GCC_WARN_ABOUT_RETURN_TYPE = YES_ERROR;
				GCC_WARN_UNDECLARED_SELECTOR = YES;
				GCC_WARN_UNINITIALIZED_AUTOS = YES_AGGRESSIVE;
				GCC_WARN_UNUSED_FUNCTION = YES;
				GCC_WARN_UNUSED_VARIABLE = YES;
				HEADER_SEARCH_PATHS = (
					"$(inherited)",
					/Applications/Xcode.app/Contents/Developer/Toolchains/XcodeDefault.xctoolchain/usr/include,
					"${SDK_DIR}\"/usr/include/libxml2",
				);
				IPHONEOS_DEPLOYMENT_TARGET = 6.0;
				ONLY_ACTIVE_ARCH = YES;
				SDKROOT = iphoneos;
			};
			name = Debug;
		};
		279CA7ED191D08CE009C6DA0 /* Release */ = {
			isa = XCBuildConfiguration;
			buildSettings = {
				ALWAYS_SEARCH_USER_PATHS = NO;
				CLANG_CXX_LANGUAGE_STANDARD = "gnu++0x";
				CLANG_CXX_LIBRARY = "compiler-default";
				CLANG_ENABLE_MODULES = YES;
				CLANG_ENABLE_OBJC_ARC = YES;
				CLANG_WARN_BOOL_CONVERSION = YES;
				CLANG_WARN_CONSTANT_CONVERSION = YES;
				CLANG_WARN_DIRECT_OBJC_ISA_USAGE = YES_ERROR;
				CLANG_WARN_EMPTY_BODY = YES;
				CLANG_WARN_ENUM_CONVERSION = YES;
				CLANG_WARN_INT_CONVERSION = YES;
				CLANG_WARN_OBJC_ROOT_CLASS = YES_ERROR;
				CLANG_WARN__DUPLICATE_METHOD_MATCH = YES;
				"CODE_SIGN_IDENTITY[sdk=iphoneos*]" = "iPhone Developer";
				COPY_PHASE_STRIP = YES;
				ENABLE_NS_ASSERTIONS = NO;
				GCC_C_LANGUAGE_STANDARD = gnu99;
				GCC_WARN_64_TO_32_BIT_CONVERSION = YES;
				GCC_WARN_ABOUT_RETURN_TYPE = YES_ERROR;
				GCC_WARN_UNDECLARED_SELECTOR = YES;
				GCC_WARN_UNINITIALIZED_AUTOS = YES_AGGRESSIVE;
				GCC_WARN_UNUSED_FUNCTION = YES;
				GCC_WARN_UNUSED_VARIABLE = YES;
				HEADER_SEARCH_PATHS = (
					"$(inherited)",
					/Applications/Xcode.app/Contents/Developer/Toolchains/XcodeDefault.xctoolchain/usr/include,
					"${SDK_DIR}\"/usr/include/libxml2",
				);
				IPHONEOS_DEPLOYMENT_TARGET = 6.0;
				SDKROOT = iphoneos;
				VALIDATE_PRODUCT = YES;
			};
			name = Release;
		};
		279CA7EF191D08CE009C6DA0 /* Debug */ = {
			isa = XCBuildConfiguration;
			buildSettings = {
				ASSETCATALOG_COMPILER_APPICON_NAME = AppIcon;
				ASSETCATALOG_COMPILER_LAUNCHIMAGE_NAME = LaunchImage;
				FRAMEWORK_SEARCH_PATHS = (
					"$(inherited)",
					"$(PROJECT_DIR)",
				);
				GCC_PRECOMPILE_PREFIX_HEADER = YES;
				GCC_PREFIX_HEADER = "CN/CN-Prefix.pch";
				INFOPLIST_FILE = "CN/CN-Info.plist";
				IPHONEOS_DEPLOYMENT_TARGET = 6.1;
				LIBRARY_SEARCH_PATHS = (
					"$(inherited)",
					"$(PROJECT_DIR)/CN/other/Tool/lib",
				);
				New_Setting = "";
				PRODUCT_NAME = "$(TARGET_NAME)";
				WRAPPER_EXTENSION = app;
			};
			name = Debug;
		};
		279CA7F0191D08CE009C6DA0 /* Release */ = {
			isa = XCBuildConfiguration;
			buildSettings = {
				ASSETCATALOG_COMPILER_APPICON_NAME = AppIcon;
				ASSETCATALOG_COMPILER_LAUNCHIMAGE_NAME = LaunchImage;
				FRAMEWORK_SEARCH_PATHS = (
					"$(inherited)",
					"$(PROJECT_DIR)",
				);
				GCC_PRECOMPILE_PREFIX_HEADER = YES;
				GCC_PREFIX_HEADER = "CN/CN-Prefix.pch";
				INFOPLIST_FILE = "CN/CN-Info.plist";
				IPHONEOS_DEPLOYMENT_TARGET = 6.1;
				LIBRARY_SEARCH_PATHS = (
					"$(inherited)",
					"$(PROJECT_DIR)/CN/other/Tool/lib",
				);
				New_Setting = "";
				PRODUCT_NAME = "$(TARGET_NAME)";
				WRAPPER_EXTENSION = app;
			};
			name = Release;
		};
		279CA7F2191D08CE009C6DA0 /* Debug */ = {
			isa = XCBuildConfiguration;
			buildSettings = {
				BUNDLE_LOADER = "$(BUILT_PRODUCTS_DIR)/CN.app/CN";
				FRAMEWORK_SEARCH_PATHS = (
					"$(SDKROOT)/Developer/Library/Frameworks",
					"$(inherited)",
					"$(DEVELOPER_FRAMEWORKS_DIR)",
				);
				GCC_PRECOMPILE_PREFIX_HEADER = YES;
				GCC_PREFIX_HEADER = "CN/CN-Prefix.pch";
				GCC_PREPROCESSOR_DEFINITIONS = (
					"DEBUG=1",
					"$(inherited)",
				);
				INFOPLIST_FILE = "CNTests/CNTests-Info.plist";
				PRODUCT_NAME = "$(TARGET_NAME)";
				TEST_HOST = "$(BUNDLE_LOADER)";
				WRAPPER_EXTENSION = xctest;
			};
			name = Debug;
		};
		279CA7F3191D08CE009C6DA0 /* Release */ = {
			isa = XCBuildConfiguration;
			buildSettings = {
				BUNDLE_LOADER = "$(BUILT_PRODUCTS_DIR)/CN.app/CN";
				FRAMEWORK_SEARCH_PATHS = (
					"$(SDKROOT)/Developer/Library/Frameworks",
					"$(inherited)",
					"$(DEVELOPER_FRAMEWORKS_DIR)",
				);
				GCC_PRECOMPILE_PREFIX_HEADER = YES;
				GCC_PREFIX_HEADER = "CN/CN-Prefix.pch";
				INFOPLIST_FILE = "CNTests/CNTests-Info.plist";
				PRODUCT_NAME = "$(TARGET_NAME)";
				TEST_HOST = "$(BUNDLE_LOADER)";
				WRAPPER_EXTENSION = xctest;
			};
			name = Release;
		};
/* End XCBuildConfiguration section */

/* Begin XCConfigurationList section */
		279CA7B7191D08CE009C6DA0 /* Build configuration list for PBXProject "CN" */ = {
			isa = XCConfigurationList;
			buildConfigurations = (
				279CA7EC191D08CE009C6DA0 /* Debug */,
				279CA7ED191D08CE009C6DA0 /* Release */,
			);
			defaultConfigurationIsVisible = 0;
			defaultConfigurationName = Release;
		};
		279CA7EE191D08CE009C6DA0 /* Build configuration list for PBXNativeTarget "CN" */ = {
			isa = XCConfigurationList;
			buildConfigurations = (
				279CA7EF191D08CE009C6DA0 /* Debug */,
				279CA7F0191D08CE009C6DA0 /* Release */,
			);
			defaultConfigurationIsVisible = 0;
			defaultConfigurationName = Release;
		};
		279CA7F1191D08CE009C6DA0 /* Build configuration list for PBXNativeTarget "CNTests" */ = {
			isa = XCConfigurationList;
			buildConfigurations = (
				279CA7F2191D08CE009C6DA0 /* Debug */,
				279CA7F3191D08CE009C6DA0 /* Release */,
			);
			defaultConfigurationIsVisible = 0;
			defaultConfigurationName = Release;
		};
/* End XCConfigurationList section */
	};
	rootObject = 279CA7B4191D08CE009C6DA0 /* Project object */;
}
